
Microsoft Visual Studio Solution File, Format Version 12.00
# Visual Studio 15
VisualStudioVersion = 15.0.28010.2026
MinimumVisualStudioVersion = 10.0.40219.1
Project("{FAE04EC0-301F-11D3-BF4B-00C04F79EFBC}") = "BSTree", "BSTree\BSTree.csproj", "{3AAEC255-E2DD-4BE3-B058-BA89D2D0FC44}"
EndProject
Global
	GlobalSection(SolutionConfigurationPlatforms) = preSolution
		Debug|Any CPU = Debug|Any CPU
		Release|Any CPU = Release|Any CPU
	EndGlobalSection
	GlobalSection(ProjectConfigurationPlatforms) = postSolution
		{3AAEC255-E2DD-4BE3-B058-BA89D2D0FC44}.Debug|Any CPU.ActiveCfg = Debug|Any CPU
		{3AAEC255-E2DD-4BE3-B058-BA89D2D0FC44}.Debug|Any CPU.Build.0 = Debug|Any CPU
		{3AAEC255-E2DD-4BE3-B058-BA89D2D0FC44}.Release|Any CPU.ActiveCfg = Release|Any CPU
		{3AAEC255-E2DD-4BE3-B058-BA89D2D0FC44}.Release|Any CPU.Build.0 = Release|Any CPU
	EndGlobalSection
	GlobalSection(SolutionProperties) = preSolution
		HideSolutionNode = FALSE
	EndGlobalSection
	GlobalSection(ExtensibilityGlobals) = postSolution
		SolutionGuid = {20D6B318-4EAA-4188-9BB4-7E050481591E}
	EndGlobalSection
EndGlobal
